
Microsoft Visual Studio Solution File, Format Version 12.00
# Visual Studio Version 16
VisualStudioVersion = 16.0.30804.86
MinimumVisualStudioVersion = 10.0.40219.1
Project("{FAE04EC0-301F-11D3-BF4B-00C04F79EFBC}") = "Praktika", "Praktika.csproj", "{1563C949-47AA-4AF5-8103-5D0BFB5792ED}"
EndProject
Global
	GlobalSection(SolutionConfigurationPlatforms) = preSolution
		Debug|Any CPU = Debug|Any CPU
		Release|Any CPU = Release|Any CPU
	EndGlobalSection
	GlobalSection(ProjectConfigurationPlatforms) = postSolution
		{1563C949-47AA-4AF5-8103-5D0BFB5792ED}.Debug|Any CPU.ActiveCfg = Debug|Any CPU
		{1563C949-47AA-4AF5-8103-5D0BFB5792ED}.Debug|Any CPU.Build.0 = Debug|Any CPU
		{1563C949-47AA-4AF5-8103-5D0BFB5792ED}.Release|Any CPU.ActiveCfg = Release|Any CPU
		{1563C949-47AA-4AF5-8103-5D0BFB5792ED}.Release|Any CPU.Build.0 = Release|Any CPU
	EndGlobalSection
	GlobalSection(SolutionProperties) = preSolution
		HideSolutionNode = FALSE
	EndGlobalSection
	GlobalSection(ExtensibilityGlobals) = postSolution
		SolutionGuid = {2EE4AA71-65B3-494A-8F5C-519BB5CAC911}
	EndGlobalSection
EndGlobal
