
Microsoft Visual Studio Solution File, Format Version 12.00
# Visual Studio Version 16
VisualStudioVersion = 16.0.30804.86
MinimumVisualStudioVersion = 10.0.40219.1
Project("{FAE04EC0-301F-11D3-BF4B-00C04F79EFBC}") = "number2_3", "number2_3\number2_3.csproj", "{96481DA0-F8D3-4303-A195-928738858700}"
EndProject
Global
	GlobalSection(SolutionConfigurationPlatforms) = preSolution
		Debug|Any CPU = Debug|Any CPU
		Release|Any CPU = Release|Any CPU
	EndGlobalSection
	GlobalSection(ProjectConfigurationPlatforms) = postSolution
		{96481DA0-F8D3-4303-A195-928738858700}.Debug|Any CPU.ActiveCfg = Debug|Any CPU
		{96481DA0-F8D3-4303-A195-928738858700}.Debug|Any CPU.Build.0 = Debug|Any CPU
		{96481DA0-F8D3-4303-A195-928738858700}.Release|Any CPU.ActiveCfg = Release|Any CPU
		{96481DA0-F8D3-4303-A195-928738858700}.Release|Any CPU.Build.0 = Release|Any CPU
	EndGlobalSection
	GlobalSection(SolutionProperties) = preSolution
		HideSolutionNode = FALSE
	EndGlobalSection
	GlobalSection(ExtensibilityGlobals) = postSolution
		SolutionGuid = {12B7584A-CD49-4799-9DDE-553319AB49C5}
	EndGlobalSection
EndGlobal
