
Microsoft Visual Studio Solution File, Format Version 12.00
# Visual Studio Version 16
VisualStudioVersion = 16.0.30804.86
MinimumVisualStudioVersion = 10.0.40219.1
Project("{FAE04EC0-301F-11D3-BF4B-00C04F79EFBC}") = "number2_9", "number2_9\number2_9.csproj", "{DEE7A712-2B0D-4551-87E0-3DA0F9498D01}"
EndProject
Global
	GlobalSection(SolutionConfigurationPlatforms) = preSolution
		Debug|Any CPU = Debug|Any CPU
		Release|Any CPU = Release|Any CPU
	EndGlobalSection
	GlobalSection(ProjectConfigurationPlatforms) = postSolution
		{DEE7A712-2B0D-4551-87E0-3DA0F9498D01}.Debug|Any CPU.ActiveCfg = Debug|Any CPU
		{DEE7A712-2B0D-4551-87E0-3DA0F9498D01}.Debug|Any CPU.Build.0 = Debug|Any CPU
		{DEE7A712-2B0D-4551-87E0-3DA0F9498D01}.Release|Any CPU.ActiveCfg = Release|Any CPU
		{DEE7A712-2B0D-4551-87E0-3DA0F9498D01}.Release|Any CPU.Build.0 = Release|Any CPU
	EndGlobalSection
	GlobalSection(SolutionProperties) = preSolution
		HideSolutionNode = FALSE
	EndGlobalSection
	GlobalSection(ExtensibilityGlobals) = postSolution
		SolutionGuid = {C4FEC838-900B-4D9A-B5D6-EBD4328AEF69}
	EndGlobalSection
EndGlobal
